
Microsoft Visual Studio Solution File, Format Version 12.00
Project("{FAE04EC0-301F-11D3-BF4B-00C04F79EFBC}") = "IonicCurrencyExchange", "IonicCurrencyExchange\IonicCurrencyExchange.csproj", "{FE571483-7FC8-4A80-A762-F4C9DA41820A}"
EndProject
Project("{FAE04EC0-301F-11D3-BF4B-00C04F79EFBC}") = "UnitTest", "UnitTest\UnitTest.csproj", "{F670679E-033A-4F4E-A764-91E734B71C39}"
EndProject
Global
	GlobalSection(SolutionConfigurationPlatforms) = preSolution
		Debug|Any CPU = Debug|Any CPU
		Release|Any CPU = Release|Any CPU
	EndGlobalSection
	GlobalSection(ProjectConfigurationPlatforms) = postSolution
		{FE571483-7FC8-4A80-A762-F4C9DA41820A}.Debug|Any CPU.ActiveCfg = Debug|Any CPU
		{FE571483-7FC8-4A80-A762-F4C9DA41820A}.Debug|Any CPU.Build.0 = Debug|Any CPU
		{FE571483-7FC8-4A80-A762-F4C9DA41820A}.Release|Any CPU.ActiveCfg = Release|Any CPU
		{FE571483-7FC8-4A80-A762-F4C9DA41820A}.Release|Any CPU.Build.0 = Release|Any CPU
		{F670679E-033A-4F4E-A764-91E734B71C39}.Debug|Any CPU.ActiveCfg = Debug|Any CPU
		{F670679E-033A-4F4E-A764-91E734B71C39}.Debug|Any CPU.Build.0 = Debug|Any CPU
		{F670679E-033A-4F4E-A764-91E734B71C39}.Release|Any CPU.ActiveCfg = Release|Any CPU
		{F670679E-033A-4F4E-A764-91E734B71C39}.Release|Any CPU.Build.0 = Release|Any CPU
	EndGlobalSection
EndGlobal
